
Microsoft Visual Studio Solution File, Format Version 12.00
# Visual Studio 15
VisualStudioVersion = 15.0.28307.902
MinimumVisualStudioVersion = 10.0.40219.1
Project("{FAE04EC0-301F-11D3-BF4B-00C04F79EFBC}") = "HW.CMS.WEB", "HW.CMS.WEB\HW.CMS.WEB.csproj", "{31EB00A0-6E90-4C68-93BD-F18093887A68}"
EndProject
Global
	GlobalSection(SolutionConfigurationPlatforms) = preSolution
		Debug|Any CPU = Debug|Any CPU
		Release|Any CPU = Release|Any CPU
	EndGlobalSection
	GlobalSection(ProjectConfigurationPlatforms) = postSolution
		{31EB00A0-6E90-4C68-93BD-F18093887A68}.Debug|Any CPU.ActiveCfg = Debug|Any CPU
		{31EB00A0-6E90-4C68-93BD-F18093887A68}.Debug|Any CPU.Build.0 = Debug|Any CPU
		{31EB00A0-6E90-4C68-93BD-F18093887A68}.Release|Any CPU.ActiveCfg = Release|Any CPU
		{31EB00A0-6E90-4C68-93BD-F18093887A68}.Release|Any CPU.Build.0 = Release|Any CPU
	EndGlobalSection
	GlobalSection(SolutionProperties) = preSolution
		HideSolutionNode = FALSE
	EndGlobalSection
	GlobalSection(ExtensibilityGlobals) = postSolution
		SolutionGuid = {22AA6249-06C1-485E-A7DB-745F614745BA}
	EndGlobalSection
EndGlobal
